
Microsoft Visual Studio Solution File, Format Version 12.00
# Visual Studio 2012
Project("{FAE04EC0-301F-11D3-BF4B-00C04F79EFBC}") = "MMDB.RazorEmail", "MMDB.RazorEmail\MMDB.RazorEmail.csproj", "{582EC633-D26D-4EA2-8598-1BEEB1DB665C}"
EndProject
Project("{FAE04EC0-301F-11D3-BF4B-00C04F79EFBC}") = "MMDB.RazorEmail.Tests", "MMDB.RazorEmail.Tests\MMDB.RazorEmail.Tests.csproj", "{A389C87F-CADE-440C-945F-12088BC294F1}"
EndProject
Project("{2150E333-8FDC-42A3-9474-1A3956D46DE8}") = ".nuget", ".nuget", "{F63F287E-92AC-4B31-AD67-E291CC4842FB}"
	ProjectSection(SolutionItems) = preProject
		.nuget\NuGet.Config = .nuget\NuGet.Config
		.nuget\NuGet.exe = .nuget\NuGet.exe
		.nuget\NuGet.targets = .nuget\NuGet.targets
		.nuget\packages.config = .nuget\packages.config
	EndProjectSection
EndProject
Project("{FAE04EC0-301F-11D3-BF4B-00C04F79EFBC}") = "MMDB.RazorEmailSample", "MMDB.RazorEmailSample\MMDB.RazorEmailSample.csproj", "{D3C96BA6-93A4-4B0F-B9A7-6CDF0C3F016A}"
EndProject
Global
	GlobalSection(SolutionConfigurationPlatforms) = preSolution
		Debug|Any CPU = Debug|Any CPU
		Release|Any CPU = Release|Any CPU
	EndGlobalSection
	GlobalSection(ProjectConfigurationPlatforms) = postSolution
		{582EC633-D26D-4EA2-8598-1BEEB1DB665C}.Debug|Any CPU.ActiveCfg = Debug|Any CPU
		{582EC633-D26D-4EA2-8598-1BEEB1DB665C}.Debug|Any CPU.Build.0 = Debug|Any CPU
		{582EC633-D26D-4EA2-8598-1BEEB1DB665C}.Release|Any CPU.ActiveCfg = Release|Any CPU
		{582EC633-D26D-4EA2-8598-1BEEB1DB665C}.Release|Any CPU.Build.0 = Release|Any CPU
		{A389C87F-CADE-440C-945F-12088BC294F1}.Debug|Any CPU.ActiveCfg = Debug|Any CPU
		{A389C87F-CADE-440C-945F-12088BC294F1}.Debug|Any CPU.Build.0 = Debug|Any CPU
		{A389C87F-CADE-440C-945F-12088BC294F1}.Release|Any CPU.ActiveCfg = Release|Any CPU
		{A389C87F-CADE-440C-945F-12088BC294F1}.Release|Any CPU.Build.0 = Release|Any CPU
		{D3C96BA6-93A4-4B0F-B9A7-6CDF0C3F016A}.Debug|Any CPU.ActiveCfg = Debug|Any CPU
		{D3C96BA6-93A4-4B0F-B9A7-6CDF0C3F016A}.Debug|Any CPU.Build.0 = Debug|Any CPU
		{D3C96BA6-93A4-4B0F-B9A7-6CDF0C3F016A}.Release|Any CPU.ActiveCfg = Release|Any CPU
		{D3C96BA6-93A4-4B0F-B9A7-6CDF0C3F016A}.Release|Any CPU.Build.0 = Release|Any CPU
	EndGlobalSection
	GlobalSection(SolutionProperties) = preSolution
		HideSolutionNode = FALSE
	EndGlobalSection
EndGlobal
